---
lockfileVersion: '9.0'

importers:

  .:
    configDependencies: {}
    packageManagerDependencies:
      pnpm:
        specifier: 12.10.1
        version: 12.10.1

packages:

  '@pnpm/exe.android-arm64@12.10.1':
    resolution: {integrity: sha512-CVTlHPwNvadQCJD9bGSMzWIhFX8QpjtqC2c27dhdnn/9iKzEjZ3qL62o3gHpKbIuo6qn4WxTKRoaokgNdReBig==}
    cpu: [arm64]
    os: [android]

  '@pnpm/exe.android-x64@12.10.1':
    resolution: {integrity: sha512-NFiYLIaodY7da0XIebwcU3JoP7IK/lzF7zgKSSP+9H+QcFnQ1GDfBkuBKCYJzZ+Xu0WH54neIPLBBCaOjaaauA==}
    cpu: [x64]
    os: [android]

  '@pnpm/exe.darwin-arm64@12.10.1':
    resolution: {integrity: sha512-0O8tdQ8ijlPJudXspLMTcitMkdBEz6uUflazL5uQE0WMs85oQIp0U+5hfEktMFB64QqEhjqlvvujTwbzdr9oMg==}
    cpu: [arm64]
    os: [darwin]

  '@pnpm/exe.darwin-x64@12.10.1':
    resolution: {integrity: sha512-ud+1/uZOKEo8P/AsPynOJc/LNwfI0j6WwCElibj71rU9l4nIBnsSn+wWTIPZPkZ4BBSH5+82azSnAARMyJ1lNA==}
    cpu: [x64]
    os: [darwin]

  '@pnpm/exe.freebsd-x64@12.10.1':
    resolution: {integrity: sha512-mj9PE5rf8uAfQQ2K66HSATMSut+lNiB4eSqFd5+azFVCMnxNSy/32xpZQJT21PhnN3Y4qbK+iKHe5nWAxSuRhw==}
    cpu: [x64]
    os: [freebsd]

  '@pnpm/exe.linux-arm64-musl@12.10.1':
    resolution: {integrity: sha512-xba+00wZJ8Um6rBJJjWl88uJj0tydB8dtomvjlCLvi0uL32vpa9CRP8Vv26FIXvbiZ1bo2RCzYt/eChxJVV52w==}
    cpu: [arm64]
    os: [linux]
    libc: [musl]

  '@pnpm/exe.linux-arm64@12.10.1':
    resolution: {integrity: sha512-oBdMp69ScC9UnniG4qZAQVr2fBDSXjm4yk/72vkEVyrlwS23yMxcRQl7Qdo3sgXPAygY6TWnPRKm4rXzjoyW7w==}
    cpu: [arm64]
    os: [linux]
    libc: [glibc]

  '@pnpm/exe.linux-ppc64@12.10.1':
    resolution: {integrity: sha512-Yyb3wu09h3c7mLme270uHFiVaAIUHC411Ru9LIU2BKUIstrGlXa9OqqVWoXaRgYRdFdOFknkwG7GNn6ygwLbnw==}
    cpu: [ppc64]
    os: [linux]
    libc: [glibc]

  '@pnpm/exe.linux-riscv64@12.10.1':
    resolution: {integrity: sha512-PdkeUFFkybknnGkWP0H22eMpIiS4OZXL5BcQzF4lh+vmrW3IaC2HOkbANKgot/PKO0Kl77pzA/6PKFxgbgfXIQ==}
    cpu: [riscv64]
    os: [linux]
    libc: [glibc]

  '@pnpm/exe.linux-s390x@12.10.1':
    resolution: {integrity: sha512-1okKuHKJwJPAbofDxfhZWAUxEWtee4ZSf7Pah8kcvocaJkf2WxFJ5KVTiNIvDml5GLidDQsgf7Pcf/WHbCak7Q==}
    cpu: [s390x]
    os: [linux]
    libc: [glibc]

  '@pnpm/exe.linux-x64-musl@12.10.1':
    resolution: {integrity: sha512-e6IqzVNkPa7srFKJKnY23uWJ+qz0LaRWiTUo/sHfFXRRMRzB5uNOr6qWWip/jqhdGwU91n9J7LrEYZ6e0tRczw==}
    cpu: [x64]
    os: [linux]
    libc: [musl]

  '@pnpm/exe.linux-x64@12.10.1':
    resolution: {integrity: sha512-ZByV0DRgWzGaDSjT5ddRBASdwz+r/qPMYh7o6RGmPQjtRGNFbSl94xY2DcAM8mqCOZJUUDtAXQ+wpBXcdpKlkg==}
    cpu: [x64]
    os: [linux]
    libc: [glibc]

  '@pnpm/exe.win32-arm64@12.10.1':
    resolution: {integrity: sha512-I7QZHcjioG7orFeCRUFUHByJ1G0zFPnAlaGGyrUvb6MGkv5oeNwNPl7t+Gp+7zHfnMcgLGJ1a+Wfim0IDw3lOw==}
    cpu: [arm64]
    os: [win32]

  '@pnpm/exe.win32-x64@12.10.1':
    resolution: {integrity: sha512-4WJFdp58EKlCj0zLobrXU0vpszSZIr4X/3y/uNbAQqGW0zE+VdruZB0gFc3L2kzsUzVwTYbaCn+XEhnCYSAlTg==}
    cpu: [x64]
    os: [win32]

  pnpm@12.10.1:
    resolution: {integrity: sha512-ukCjfrGjcNYP6oxM8dNkwTvMzvUY6YrSvO6VT1OdONo3RY5YJho/pV4GUjRQ6g//+fSXsTW+QfLBXBZCusrObA==}
    engines: {node: '>=18.*'}
    hasBin: true

snapshots:

  '@pnpm/exe.android-arm64@12.10.1':
    optional: true

  '@pnpm/exe.android-x64@12.10.1':
    optional: true

  '@pnpm/exe.darwin-arm64@12.10.1':
    optional: true

  '@pnpm/exe.darwin-x64@12.10.1':
    optional: true

  '@pnpm/exe.freebsd-x64@12.10.1':
    optional: true

  '@pnpm/exe.linux-arm64-musl@12.10.1':
    optional: true

  '@pnpm/exe.linux-arm64@12.10.1':
    optional: true

  '@pnpm/exe.linux-ppc64@12.10.1':
    optional: true

  '@pnpm/exe.linux-riscv64@12.10.1':
    optional: true

  '@pnpm/exe.linux-s390x@12.10.1':
    optional: true

  '@pnpm/exe.linux-x64-musl@12.10.1':
    optional: true

  '@pnpm/exe.linux-x64@12.10.1':
    optional: true

  '@pnpm/exe.win32-arm64@12.10.1':
    optional: true

  '@pnpm/exe.win32-x64@12.10.1':
    optional: true

  pnpm@12.10.1:
    optionalDependencies:
      '@pnpm/exe.android-arm64': 12.10.1
      '@pnpm/exe.android-x64': 12.10.1
      '@pnpm/exe.darwin-arm64': 12.10.1
      '@pnpm/exe.darwin-x64': 12.10.1
      '@pnpm/exe.freebsd-x64': 12.10.1
      '@pnpm/exe.linux-arm64': 12.10.1
      '@pnpm/exe.linux-arm64-musl': 12.10.1
      '@pnpm/exe.linux-ppc64': 12.10.1
      '@pnpm/exe.linux-riscv64': 12.10.1
      '@pnpm/exe.linux-s390x': 12.10.1
      '@pnpm/exe.linux-x64': 12.10.1
      '@pnpm/exe.linux-x64-musl': 12.10.1
      '@pnpm/exe.win32-arm64': 12.10.1
      '@pnpm/exe.win32-x64': 12.10.1

---
lockfileVersion: '9.0'

settings:
  autoInstallPeers: true
  excludeLinksFromLockfile: false

importers:

  .:
    dependencies:
      lz4-napi:
        specifier: ^2.10.0
        version: 2.10.0
    devDependencies:
      kafkajs:
        specifier: ^2.2.4
        version: 2.2.4

packages:

  '@antoniomuso/lz4-napi-android-arm-eabi@2.10.0':
    resolution: {integrity: sha512-BmVivZ5OwdM5IogpqHEKGoMEOJ98ZhIf35cBAKlt5axZR1nCy8X6O8B1noyQZETSXw0901Z/uAx0/23+ulyxuQ==}
    engines: {node: '>= 10'}
    cpu: [arm]
    os: [android]

  '@antoniomuso/lz4-napi-android-arm64@2.10.0':
    resolution: {integrity: sha512-Oi2nIJvxG0ckK+lQYuuDtBI7mrQoj+glnNp4c19rhm0D0utkuRuI2bzqXOp5uth/IFNlP+W3pepfOCULeydKJw==}
    engines: {node: '>= 10'}
    cpu: [arm64]
    os: [android]

  '@antoniomuso/lz4-napi-darwin-arm64@2.10.0':
    resolution: {integrity: sha512-rrP5B4CJkSgHBAZ8jP/xGdXULDjDMF/DiUPxtBdo23CfkIOvf2VYGDF2vWO+1LDFMqlV4Mu4dZWwvOWklP4t4Q==}
    engines: {node: '>= 10'}
    cpu: [arm64]
    os: [darwin]

  '@antoniomuso/lz4-napi-darwin-x64@2.10.0':
    resolution: {integrity: sha512-NytV3XbMC6JCX0uxiYgJV7cTUEWczT6e/rjfnIATsRuOOZLn1nNn1TIpGsAwLPcWoTgBsG0JcvLA1D+t3CLhAQ==}
    engines: {node: '>= 10'}
    cpu: [x64]
    os: [darwin]

  '@antoniomuso/lz4-napi-freebsd-x64@2.10.0':
    resolution: {integrity: sha512-CB7u672akKGZJr0MgH9qrBjcTRRf0yyPCBD0HjSChx+GfKJtQrMXEWLO68X+gTPjnlceywyqmzDA/t6zOavSYw==}
    engines: {node: '>= 10'}
    cpu: [x64]
    os: [freebsd]

  '@antoniomuso/lz4-napi-linux-arm-gnueabihf@2.10.0':
    resolution: {integrity: sha512-fjUVOWP0YYiaqXsrNAXa5pxdf+C6ql0sJFOZ/LZeID6fx8qle/+zjpJOYK/vE4dFOfxYFpMWXFYr+M/DfFhUdQ==}
    engines: {node: '>= 10'}
    cpu: [arm]
    os: [linux]

  '@antoniomuso/lz4-napi-linux-arm64-gnu@2.10.0':
    resolution: {integrity: sha512-Ai0MfalUR4par5YI0AciKUUGCuMeshU3KLzaCavEgA3VHc//fU37VrbmzU/SgNjcJzdKFB9d3JZZAAe2wZ1tSQ==}
    engines: {node: '>= 10'}
    cpu: [arm64]
    os: [linux]
    libc: [glibc]

  '@antoniomuso/lz4-napi-linux-arm64-musl@2.10.0':
    resolution: {integrity: sha512-LNUlCFiTfYUstWcpNP2op9tf6RfxWlB1LmkdGfUvt/L4xgagktDnDy6Bii+ErZfocQ/M8hUDJnA57c4a/uax4A==}
    engines: {node: '>= 10'}
    cpu: [arm64]
    os: [linux]
    libc: [musl]

  '@antoniomuso/lz4-napi-linux-ppc64-gnu@2.10.0':
    resolution: {integrity: sha512-gNTGuwI2aYp+yNvFZe60iKVv/whfhTK3d3n8kbP0WG8nLvfka+wIch67aQM3G4eqB/KlS7fLAJdCvVC5x4CQWw==}
    engines: {node: '>= 10'}
    cpu: [ppc64]
    os: [linux]
    libc: [glibc]

  '@antoniomuso/lz4-napi-linux-riscv64-gnu@2.10.0':
    resolution: {integrity: sha512-mHh5I55EtfFxS82Cm+HyGt6XezvBVDZV406qvS80FxEhHP4yNititbaGd/uGJ8Hr0+Fh4TDKPyiDZps19FJEoQ==}
    engines: {node: '>= 10'}
    cpu: [riscv64]
    os: [linux]
    libc: [glibc]

  '@antoniomuso/lz4-napi-linux-s390x-gnu@2.10.0':
    resolution: {integrity: sha512-CVR4x8W5EqypGKsK2ffGxvtDz5NCUN6fx4jQPEMhL6LR66uc8TxKtYzlF+hvQnuVkN3Va+NwTGCurJS9CVPGFA==}
    engines: {node: '>= 10'}
    cpu: [s390x]
    os: [linux]
    libc: [glibc]

  '@antoniomuso/lz4-napi-linux-x64-gnu@2.10.0':
    resolution: {integrity: sha512-UQQZephsIQrEbMM+Wp7SKYUqVR9DJLCMkZkOoLU9DDf2Ctvy6jXuqQoFF3ajh/mPh8gFp/s1WEcnUO8IRBiDpw==}
    engines: {node: '>= 10'}
    cpu: [x64]
    os: [linux]
    libc: [glibc]

  '@antoniomuso/lz4-napi-linux-x64-musl@2.10.0':
    resolution: {integrity: sha512-f30AGLcOsyiQU0EuWYmCZGID/6vcr/1scKaQ2G90QBJ/8aTWTwRDZGT7NPOE6mJ71ioI/ZLJGHiytjbiPjZfng==}
    engines: {node: '>= 10'}
    cpu: [x64]
    os: [linux]
    libc: [musl]

  '@antoniomuso/lz4-napi-openharmony-arm64@2.10.0':
    resolution: {integrity: sha512-LUrHBJcnHqKsCyt0LvgsrRij5VWHXtwUQyJZT+kXSfkW+snIqKqVzucFpMHETFDKQNkMTsmHruVV/UEBbYuw/A==}
    engines: {node: '>= 10'}
    cpu: [arm64]
    os: [openharmony]

  '@antoniomuso/lz4-napi-win32-arm64-msvc@2.10.0':
    resolution: {integrity: sha512-6k8Qu3V8fq4QbHS6vPQy8fggOvTUMQsVZP+WZBUMrG6A4ZPiMmPfFF+xJfLJCnOoijkBdRSiS1Y9oEv84lFPDw==}
    engines: {node: '>= 10'}
    cpu: [arm64]
    os: [win32]

  '@antoniomuso/lz4-napi-win32-ia32-msvc@2.10.0':
    resolution: {integrity: sha512-5zKO7JdZXM/GL5XuTufwtIc3OVLhbRC/5PkcY4XmpU/IjUm4P9OkBAPNqBTgFfZbDc7eCigf92UcPLEk1PIShg==}
    engines: {node: '>= 10'}
    cpu: [ia32]
    os: [win32]

  '@antoniomuso/lz4-napi-win32-x64-msvc@2.10.0':
    resolution: {integrity: sha512-YC15uBJQdkXtPpu0JXozeEAO+b4LVjo2gOWKsPNmhNGhtkIAnKJZo+ueO6KNaFx4W6H2DQyAEiP1DsoBND26fw==}
    engines: {node: '>= 10'}
    cpu: [x64]
    os: [win32]

  kafkajs@2.2.4:
    resolution: {integrity: sha512-j/YeapB1vfPT2iOIUn/vxdyKEuhuY2PxMBvf5JWux6iSaukAccrMtXEY/Lb7OvavDhOWME589bpLrEdnVHjfjA==}
    engines: {node: '>=14.0.0'}

  lz4-napi@2.10.0:
    resolution: {integrity: sha512-NEW7rrcRA+6928P2X9IB4TCeHXT1VKTz63+lmiKkWBMORI2OtenveC+DsqtYfWMZZ52gULHcon5Z7QgXvDpRHg==}
    engines: {node: '>= 18'}

snapshots:

  '@antoniomuso/lz4-napi-android-arm-eabi@2.10.0':
    optional: true

  '@antoniomuso/lz4-napi-android-arm64@2.10.0':
    optional: true

  '@antoniomuso/lz4-napi-darwin-arm64@2.10.0':
    optional: true

  '@antoniomuso/lz4-napi-darwin-x64@2.10.0':
    optional: true

  '@antoniomuso/lz4-napi-freebsd-x64@2.10.0':
    optional: true

  '@antoniomuso/lz4-napi-linux-arm-gnueabihf@2.10.0':
    optional: true

  '@antoniomuso/lz4-napi-linux-arm64-gnu@2.10.0':
    optional: true

  '@antoniomuso/lz4-napi-linux-arm64-musl@2.10.0':
    optional: true

  '@antoniomuso/lz4-napi-linux-ppc64-gnu@2.10.0':
    optional: true

  '@antoniomuso/lz4-napi-linux-riscv64-gnu@2.10.0':
    optional: true

  '@antoniomuso/lz4-napi-linux-s390x-gnu@2.10.0':
    optional: true

  '@antoniomuso/lz4-napi-linux-x64-gnu@2.10.0':
    optional: true

  '@antoniomuso/lz4-napi-linux-x64-musl@2.10.0':
    optional: true

  '@antoniomuso/lz4-napi-openharmony-arm64@2.10.0':
    optional: true

  '@antoniomuso/lz4-napi-win32-arm64-msvc@2.10.0':
    optional: true

  '@antoniomuso/lz4-napi-win32-ia32-msvc@2.10.0':
    optional: true

  '@antoniomuso/lz4-napi-win32-x64-msvc@2.10.0':
    optional: true

  kafkajs@2.2.4: {}

  lz4-napi@2.10.0:
    optionalDependencies:
      '@antoniomuso/lz4-napi-android-arm-eabi': 2.10.0
      '@antoniomuso/lz4-napi-android-arm64': 2.10.0
      '@antoniomuso/lz4-napi-darwin-arm64': 2.10.0
      '@antoniomuso/lz4-napi-darwin-x64': 2.10.0
      '@antoniomuso/lz4-napi-freebsd-x64': 2.10.0
      '@antoniomuso/lz4-napi-linux-arm-gnueabihf': 2.10.0
      '@antoniomuso/lz4-napi-linux-arm64-gnu': 2.10.0
      '@antoniomuso/lz4-napi-linux-arm64-musl': 2.10.0
      '@antoniomuso/lz4-napi-linux-ppc64-gnu': 2.10.0
      '@antoniomuso/lz4-napi-linux-riscv64-gnu': 2.10.0
      '@antoniomuso/lz4-napi-linux-s390x-gnu': 2.10.0
      '@antoniomuso/lz4-napi-linux-x64-gnu': 2.10.0
      '@antoniomuso/lz4-napi-linux-x64-musl': 2.10.0
      '@antoniomuso/lz4-napi-openharmony-arm64': 2.10.0
      '@antoniomuso/lz4-napi-win32-arm64-msvc': 2.10.0
      '@antoniomuso/lz4-napi-win32-ia32-msvc': 2.10.0
      '@antoniomuso/lz4-napi-win32-x64-msvc': 2.10.0
